
Microsoft Visual Studio Solution File, Format Version 12.00
# Visual Studio 2013
VisualStudioVersion = 12.0.31101.0
MinimumVisualStudioVersion = 10.0.40219.1
Project("{FAE04EC0-301F-11D3-BF4B-00C04F79EFBC}") = "FILM.Objects", "Objects/FILM.Objects.csproj", "{6D009FD8-4E15-4970-9DAA-4128DA3A1C60}"
EndProject
Project("{FAE04EC0-301F-11D3-BF4B-00C04F79EFBC}") = "FILM.ODataBackend", "ODataBackend/FILM.ODataBackend.csproj", "{3558DC8F-7F6F-4CB9-B666-7817F851FAEC}"
EndProject
Global
	GlobalSection(SolutionConfigurationPlatforms) = preSolution
Debug|Any CPU = Debug|Any CPU
Release|Any CPU = Release|Any CPU
	EndGlobalSection
	GlobalSection(ProjectConfigurationPlatforms) = postSolution
		{6D009FD8-4E15-4970-9DAA-4128DA3A1C60}.Debug|Any CPU.ActiveCfg = Debug|Any CPU
		{6D009FD8-4E15-4970-9DAA-4128DA3A1C60}.Debug|Any CPU.Build.0 = Debug|Any CPU
		{6D009FD8-4E15-4970-9DAA-4128DA3A1C60}.Release|Any CPU.ActiveCfg = Release|Any CPU
		{6D009FD8-4E15-4970-9DAA-4128DA3A1C60}.Release|Any CPU.Build.0 = Release|Any CPU
		{3558DC8F-7F6F-4CB9-B666-7817F851FAEC}.Debug|Any CPU.ActiveCfg = Debug|Any CPU
		{3558DC8F-7F6F-4CB9-B666-7817F851FAEC}.Debug|Any CPU.Build.0 = Debug|Any CPU
		{3558DC8F-7F6F-4CB9-B666-7817F851FAEC}.Release|Any CPU.ActiveCfg = Release|Any CPU
		{3558DC8F-7F6F-4CB9-B666-7817F851FAEC}.Release|Any CPU.Build.0 = Release|Any CPU
	EndGlobalSection
	GlobalSection(SolutionProperties) = preSolution
		HideSolutionNode = FALSE
	EndGlobalSection
EndGlobal
